
Microsoft Visual Studio Solution File, Format Version 12.00
# Visual Studio Version 17
VisualStudioVersion = 17.0.31903.59
MinimumVisualStudioVersion = 10.0.40219.1
Project("{2150E333-8FDC-42A3-9474-1A3956D46DE8}") = "src", "src", "{827E0CD3-B72D-47B6-A68D-7590B98EB39B}"
EndProject
Project("{FAE04EC0-301F-11D3-BF4B-00C04F79EFBC}") = "IoBuild.Shared", "src\IoBuild.Shared\IoBuild.Shared.csproj", "{FFE76CE2-8760-451F-9871-6B825D273120}"
EndProject
Project("{FAE04EC0-301F-11D3-BF4B-00C04F79EFBC}") = "IoBuild.IAM", "src\IoBuild.IAM\IoBuild.IAM.csproj", "{BFCD210B-98D3-4987-BE98-E6EF7CDAFD9C}"
EndProject
Project("{FAE04EC0-301F-11D3-BF4B-00C04F79EFBC}") = "IoBuild.Devices", "src\IoBuild.Devices\IoBuild.Devices.csproj", "{AFE88977-7ECF-4412-8896-939D9C328AB7}"
EndProject
Project("{FAE04EC0-301F-11D3-BF4B-00C04F79EFBC}") = "IoBuild.Projects", "src\IoBuild.Projects\IoBuild.Projects.csproj", "{31FC604B-E1D0-4CE4-B4FF-0586F16E7768}"
EndProject
Project("{FAE04EC0-301F-11D3-BF4B-00C04F79EFBC}") = "IoBuild.Subscriptions", "src\IoBuild.Subscriptions\IoBuild.Subscriptions.csproj", "{38D5A1A1-9830-4694-A00E-A1689E8B6D34}"
EndProject
Project("{FAE04EC0-301F-11D3-BF4B-00C04F79EFBC}") = "IoBuild.Analytics", "src\IoBuild.Analytics\IoBuild.Analytics.csproj", "{4CD13660-C1A1-435F-A7D9-238DF81D1DD7}"
EndProject
Project("{2150E333-8FDC-42A3-9474-1A3956D46DE8}") = "tests", "tests", "{0AB3BF05-4346-4AA6-1389-037BE0695223}"
EndProject
Project("{FAE04EC0-301F-11D3-BF4B-00C04F79EFBC}") = "IoBuild.IAM.Tests", "tests\IoBuild.IAM.Tests\IoBuild.IAM.Tests.csproj", "{17257A64-5827-48CF-B603-FBF2B7378520}"
EndProject
Project("{FAE04EC0-301F-11D3-BF4B-00C04F79EFBC}") = "IoBuild.Devices.Tests", "tests\IoBuild.Devices.Tests\IoBuild.Devices.Tests.csproj", "{E5B2DCA1-FCA4-4394-B21F-4FD72D653619}"
EndProject
Project("{FAE04EC0-301F-11D3-BF4B-00C04F79EFBC}") = "IoBuild.Projects.Tests", "tests\IoBuild.Projects.Tests\IoBuild.Projects.Tests.csproj", "{3759CD28-9DBA-40A7-B919-9CECD4072538}"
EndProject
Project("{FAE04EC0-301F-11D3-BF4B-00C04F79EFBC}") = "IoBuild.Subscriptions.Tests", "tests\IoBuild.Subscriptions.Tests\IoBuild.Subscriptions.Tests.csproj", "{95FFEB9E-06B6-46E0-9ADF-233AB908B300}"
EndProject
Project("{FAE04EC0-301F-11D3-BF4B-00C04F79EFBC}") = "IoBuild.Gateway", "src\IoBuild.Gateway\IoBuild.Gateway.csproj", "{44458F83-1841-4DEB-AE86-07AC800BD8E8}"
EndProject
Global
	GlobalSection(SolutionConfigurationPlatforms) = preSolution
		Debug|Any CPU = Debug|Any CPU
		Debug|x64 = Debug|x64
		Debug|x86 = Debug|x86
		Release|Any CPU = Release|Any CPU
		Release|x64 = Release|x64
		Release|x86 = Release|x86
	EndGlobalSection
	GlobalSection(ProjectConfigurationPlatforms) = postSolution
		{FFE76CE2-8760-451F-9871-6B825D273120}.Debug|Any CPU.ActiveCfg = Debug|Any CPU
		{FFE76CE2-8760-451F-9871-6B825D273120}.Debug|Any CPU.Build.0 = Debug|Any CPU
		{FFE76CE2-8760-451F-9871-6B825D273120}.Debug|x64.ActiveCfg = Debug|Any CPU
		{FFE76CE2-8760-451F-9871-6B825D273120}.Debug|x64.Build.0 = Debug|Any CPU
		{FFE76CE2-8760-451F-9871-6B825D273120}.Debug|x86.ActiveCfg = Debug|Any CPU
		{FFE76CE2-8760-451F-9871-6B825D273120}.Debug|x86.Build.0 = Debug|Any CPU
		{FFE76CE2-8760-451F-9871-6B825D273120}.Release|Any CPU.ActiveCfg = Release|Any CPU
		{FFE76CE2-8760-451F-9871-6B825D273120}.Release|Any CPU.Build.0 = Release|Any CPU
		{FFE76CE2-8760-451F-9871-6B825D273120}.Release|x64.ActiveCfg = Release|Any CPU
		{FFE76CE2-8760-451F-9871-6B825D273120}.Release|x64.Build.0 = Release|Any CPU
		{FFE76CE2-8760-451F-9871-6B825D273120}.Release|x86.ActiveCfg = Release|Any CPU
		{FFE76CE2-8760-451F-9871-6B825D273120}.Release|x86.Build.0 = Release|Any CPU
		{BFCD210B-98D3-4987-BE98-E6EF7CDAFD9C}.Debug|Any CPU.ActiveCfg = Debug|Any CPU
		{BFCD210B-98D3-4987-BE98-E6EF7CDAFD9C}.Debug|Any CPU.Build.0 = Debug|Any CPU
		{BFCD210B-98D3-4987-BE98-E6EF7CDAFD9C}.Debug|x64.ActiveCfg = Debug|Any CPU
		{BFCD210B-98D3-4987-BE98-E6EF7CDAFD9C}.Debug|x64.Build.0 = Debug|Any CPU
		{BFCD210B-98D3-4987-BE98-E6EF7CDAFD9C}.Debug|x86.ActiveCfg = Debug|Any CPU
		{BFCD210B-98D3-4987-BE98-E6EF7CDAFD9C}.Debug|x86.Build.0 = Debug|Any CPU
		{BFCD210B-98D3-4987-BE98-E6EF7CDAFD9C}.Release|Any CPU.ActiveCfg = Release|Any CPU
		{BFCD210B-98D3-4987-BE98-E6EF7CDAFD9C}.Release|Any CPU.Build.0 = Release|Any CPU
		{BFCD210B-98D3-4987-BE98-E6EF7CDAFD9C}.Release|x64.ActiveCfg = Release|Any CPU
		{BFCD210B-98D3-4987-BE98-E6EF7CDAFD9C}.Release|x64.Build.0 = Release|Any CPU
		{BFCD210B-98D3-4987-BE98-E6EF7CDAFD9C}.Release|x86.ActiveCfg = Release|Any CPU
		{BFCD210B-98D3-4987-BE98-E6EF7CDAFD9C}.Release|x86.Build.0 = Release|Any CPU
		{AFE88977-7ECF-4412-8896-939D9C328AB7}.Debug|Any CPU.ActiveCfg = Debug|Any CPU
		{AFE88977-7ECF-4412-8896-939D9C328AB7}.Debug|Any CPU.Build.0 = Debug|Any CPU
		{AFE88977-7ECF-4412-8896-939D9C328AB7}.Debug|x64.ActiveCfg = Debug|Any CPU
		{AFE88977-7ECF-4412-8896-939D9C328AB7}.Debug|x64.Build.0 = Debug|Any CPU
		{AFE88977-7ECF-4412-8896-939D9C328AB7}.Debug|x86.ActiveCfg = Debug|Any CPU
		{AFE88977-7ECF-4412-8896-939D9C328AB7}.Debug|x86.Build.0 = Debug|Any CPU
		{AFE88977-7ECF-4412-8896-939D9C328AB7}.Release|Any CPU.ActiveCfg = Release|Any CPU
		{AFE88977-7ECF-4412-8896-939D9C328AB7}.Release|Any CPU.Build.0 = Release|Any CPU
		{AFE88977-7ECF-4412-8896-939D9C328AB7}.Release|x64.ActiveCfg = Release|Any CPU
		{AFE88977-7ECF-4412-8896-939D9C328AB7}.Release|x64.Build.0 = Release|Any CPU
		{AFE88977-7ECF-4412-8896-939D9C328AB7}.Release|x86.ActiveCfg = Release|Any CPU
		{AFE88977-7ECF-4412-8896-939D9C328AB7}.Release|x86.Build.0 = Release|Any CPU
		{31FC604B-E1D0-4CE4-B4FF-0586F16E7768}.Debug|Any CPU.ActiveCfg = Debug|Any CPU
		{31FC604B-E1D0-4CE4-B4FF-0586F16E7768}.Debug|Any CPU.Build.0 = Debug|Any CPU
		{31FC604B-E1D0-4CE4-B4FF-0586F16E7768}.Debug|x64.ActiveCfg = Debug|Any CPU
		{31FC604B-E1D0-4CE4-B4FF-0586F16E7768}.Debug|x64.Build.0 = Debug|Any CPU
		{31FC604B-E1D0-4CE4-B4FF-0586F16E7768}.Debug|x86.ActiveCfg = Debug|Any CPU
		{31FC604B-E1D0-4CE4-B4FF-0586F16E7768}.Debug|x86.Build.0 = Debug|Any CPU
		{31FC604B-E1D0-4CE4-B4FF-0586F16E7768}.Release|Any CPU.ActiveCfg = Release|Any CPU
		{31FC604B-E1D0-4CE4-B4FF-0586F16E7768}.Release|Any CPU.Build.0 = Release|Any CPU
		{31FC604B-E1D0-4CE4-B4FF-0586F16E7768}.Release|x64.ActiveCfg = Release|Any CPU
		{31FC604B-E1D0-4CE4-B4FF-0586F16E7768}.Release|x64.Build.0 = Release|Any CPU
		{31FC604B-E1D0-4CE4-B4FF-0586F16E7768}.Release|x86.ActiveCfg = Release|Any CPU
		{31FC604B-E1D0-4CE4-B4FF-0586F16E7768}.Release|x86.Build.0 = Release|Any CPU
		{38D5A1A1-9830-4694-A00E-A1689E8B6D34}.Debug|Any CPU.ActiveCfg = Debug|Any CPU
		{38D5A1A1-9830-4694-A00E-A1689E8B6D34}.Debug|Any CPU.Build.0 = Debug|Any CPU
		{38D5A1A1-9830-4694-A00E-A1689E8B6D34}.Debug|x64.ActiveCfg = Debug|Any CPU
		{38D5A1A1-9830-4694-A00E-A1689E8B6D34}.Debug|x64.Build.0 = Debug|Any CPU
		{38D5A1A1-9830-4694-A00E-A1689E8B6D34}.Debug|x86.ActiveCfg = Debug|Any CPU
		{38D5A1A1-9830-4694-A00E-A1689E8B6D34}.Debug|x86.Build.0 = Debug|Any CPU
		{38D5A1A1-9830-4694-A00E-A1689E8B6D34}.Release|Any CPU.ActiveCfg = Release|Any CPU
		{38D5A1A1-9830-4694-A00E-A1689E8B6D34}.Release|Any CPU.Build.0 = Release|Any CPU
		{38D5A1A1-9830-4694-A00E-A1689E8B6D34}.Release|x64.ActiveCfg = Release|Any CPU
		{38D5A1A1-9830-4694-A00E-A1689E8B6D34}.Release|x64.Build.0 = Release|Any CPU
		{38D5A1A1-9830-4694-A00E-A1689E8B6D34}.Release|x86.ActiveCfg = Release|Any CPU
		{38D5A1A1-9830-4694-A00E-A1689E8B6D34}.Release|x86.Build.0 = Release|Any CPU
		{4CD13660-C1A1-435F-A7D9-238DF81D1DD7}.Debug|Any CPU.ActiveCfg = Debug|Any CPU
		{4CD13660-C1A1-435F-A7D9-238DF81D1DD7}.Debug|Any CPU.Build.0 = Debug|Any CPU
		{4CD13660-C1A1-435F-A7D9-238DF81D1DD7}.Debug|x64.ActiveCfg = Debug|Any CPU
		{4CD13660-C1A1-435F-A7D9-238DF81D1DD7}.Debug|x64.Build.0 = Debug|Any CPU
		{4CD13660-C1A1-435F-A7D9-238DF81D1DD7}.Debug|x86.ActiveCfg = Debug|Any CPU
		{4CD13660-C1A1-435F-A7D9-238DF81D1DD7}.Debug|x86.Build.0 = Debug|Any CPU
		{4CD13660-C1A1-435F-A7D9-238DF81D1DD7}.Release|Any CPU.ActiveCfg = Release|Any CPU
		{4CD13660-C1A1-435F-A7D9-238DF81D1DD7}.Release|Any CPU.Build.0 = Release|Any CPU
		{4CD13660-C1A1-435F-A7D9-238DF81D1DD7}.Release|x64.ActiveCfg = Release|Any CPU
		{4CD13660-C1A1-435F-A7D9-238DF81D1DD7}.Release|x64.Build.0 = Release|Any CPU
		{4CD13660-C1A1-435F-A7D9-238DF81D1DD7}.Release|x86.ActiveCfg = Release|Any CPU
		{4CD13660-C1A1-435F-A7D9-238DF81D1DD7}.Release|x86.Build.0 = Release|Any CPU
		{17257A64-5827-48CF-B603-FBF2B7378520}.Debug|Any CPU.ActiveCfg = Debug|Any CPU
		{17257A64-5827-48CF-B603-FBF2B7378520}.Debug|Any CPU.Build.0 = Debug|Any CPU
		{17257A64-5827-48CF-B603-FBF2B7378520}.Debug|x64.ActiveCfg = Debug|Any CPU
		{17257A64-5827-48CF-B603-FBF2B7378520}.Debug|x64.Build.0 = Debug|Any CPU
		{17257A64-5827-48CF-B603-FBF2B7378520}.Debug|x86.ActiveCfg = Debug|Any CPU
		{17257A64-5827-48CF-B603-FBF2B7378520}.Debug|x86.Build.0 = Debug|Any CPU
		{17257A64-5827-48CF-B603-FBF2B7378520}.Release|Any CPU.ActiveCfg = Release|Any CPU
		{17257A64-5827-48CF-B603-FBF2B7378520}.Release|Any CPU.Build.0 = Release|Any CPU
		{17257A64-5827-48CF-B603-FBF2B7378520}.Release|x64.ActiveCfg = Release|Any CPU
		{17257A64-5827-48CF-B603-FBF2B7378520}.Release|x64.Build.0 = Release|Any CPU
		{17257A64-5827-48CF-B603-FBF2B7378520}.Release|x86.ActiveCfg = Release|Any CPU
		{17257A64-5827-48CF-B603-FBF2B7378520}.Release|x86.Build.0 = Release|Any CPU
		{E5B2DCA1-FCA4-4394-B21F-4FD72D653619}.Debug|Any CPU.ActiveCfg = Debug|Any CPU
		{E5B2DCA1-FCA4-4394-B21F-4FD72D653619}.Debug|Any CPU.Build.0 = Debug|Any CPU
		{E5B2DCA1-FCA4-4394-B21F-4FD72D653619}.Debug|x64.ActiveCfg = Debug|Any CPU
		{E5B2DCA1-FCA4-4394-B21F-4FD72D653619}.Debug|x64.Build.0 = Debug|Any CPU
		{E5B2DCA1-FCA4-4394-B21F-4FD72D653619}.Debug|x86.ActiveCfg = Debug|Any CPU
		{E5B2DCA1-FCA4-4394-B21F-4FD72D653619}.Debug|x86.Build.0 = Debug|Any CPU
		{E5B2DCA1-FCA4-4394-B21F-4FD72D653619}.Release|Any CPU.ActiveCfg = Release|Any CPU
		{E5B2DCA1-FCA4-4394-B21F-4FD72D653619}.Release|Any CPU.Build.0 = Release|Any CPU
		{E5B2DCA1-FCA4-4394-B21F-4FD72D653619}.Release|x64.ActiveCfg = Release|Any CPU
		{E5B2DCA1-FCA4-4394-B21F-4FD72D653619}.Release|x64.Build.0 = Release|Any CPU
		{E5B2DCA1-FCA4-4394-B21F-4FD72D653619}.Release|x86.ActiveCfg = Release|Any CPU
		{E5B2DCA1-FCA4-4394-B21F-4FD72D653619}.Release|x86.Build.0 = Release|Any CPU
		{3759CD28-9DBA-40A7-B919-9CECD4072538}.Debug|Any CPU.ActiveCfg = Debug|Any CPU
		{3759CD28-9DBA-40A7-B919-9CECD4072538}.Debug|Any CPU.Build.0 = Debug|Any CPU
		{3759CD28-9DBA-40A7-B919-9CECD4072538}.Debug|x64.ActiveCfg = Debug|Any CPU
		{3759CD28-9DBA-40A7-B919-9CECD4072538}.Debug|x64.Build.0 = Debug|Any CPU
		{3759CD28-9DBA-40A7-B919-9CECD4072538}.Debug|x86.ActiveCfg = Debug|Any CPU
		{3759CD28-9DBA-40A7-B919-9CECD4072538}.Debug|x86.Build.0 = Debug|Any CPU
		{3759CD28-9DBA-40A7-B919-9CECD4072538}.Release|Any CPU.ActiveCfg = Release|Any CPU
		{3759CD28-9DBA-40A7-B919-9CECD4072538}.Release|Any CPU.Build.0 = Release|Any CPU
		{3759CD28-9DBA-40A7-B919-9CECD4072538}.Release|x64.ActiveCfg = Release|Any CPU
		{3759CD28-9DBA-40A7-B919-9CECD4072538}.Release|x64.Build.0 = Release|Any CPU
		{3759CD28-9DBA-40A7-B919-9CECD4072538}.Release|x86.ActiveCfg = Release|Any CPU
		{3759CD28-9DBA-40A7-B919-9CECD4072538}.Release|x86.Build.0 = Release|Any CPU
		{95FFEB9E-06B6-46E0-9ADF-233AB908B300}.Debug|Any CPU.ActiveCfg = Debug|Any CPU
		{95FFEB9E-06B6-46E0-9ADF-233AB908B300}.Debug|Any CPU.Build.0 = Debug|Any CPU
		{95FFEB9E-06B6-46E0-9ADF-233AB908B300}.Debug|x64.ActiveCfg = Debug|Any CPU
		{95FFEB9E-06B6-46E0-9ADF-233AB908B300}.Debug|x64.Build.0 = Debug|Any CPU
		{95FFEB9E-06B6-46E0-9ADF-233AB908B300}.Debug|x86.ActiveCfg = Debug|Any CPU
		{95FFEB9E-06B6-46E0-9ADF-233AB908B300}.Debug|x86.Build.0 = Debug|Any CPU
		{95FFEB9E-06B6-46E0-9ADF-233AB908B300}.Release|Any CPU.ActiveCfg = Release|Any CPU
		{95FFEB9E-06B6-46E0-9ADF-233AB908B300}.Release|Any CPU.Build.0 = Release|Any CPU
		{95FFEB9E-06B6-46E0-9ADF-233AB908B300}.Release|x64.ActiveCfg = Release|Any CPU
		{95FFEB9E-06B6-46E0-9ADF-233AB908B300}.Release|x64.Build.0 = Release|Any CPU
		{95FFEB9E-06B6-46E0-9ADF-233AB908B300}.Release|x86.ActiveCfg = Release|Any CPU
		{95FFEB9E-06B6-46E0-9ADF-233AB908B300}.Release|x86.Build.0 = Release|Any CPU
		{44458F83-1841-4DEB-AE86-07AC800BD8E8}.Debug|Any CPU.ActiveCfg = Debug|Any CPU
		{44458F83-1841-4DEB-AE86-07AC800BD8E8}.Debug|Any CPU.Build.0 = Debug|Any CPU
		{44458F83-1841-4DEB-AE86-07AC800BD8E8}.Debug|x64.ActiveCfg = Debug|Any CPU
		{44458F83-1841-4DEB-AE86-07AC800BD8E8}.Debug|x64.Build.0 = Debug|Any CPU
		{44458F83-1841-4DEB-AE86-07AC800BD8E8}.Debug|x86.ActiveCfg = Debug|Any CPU
		{44458F83-1841-4DEB-AE86-07AC800BD8E8}.Debug|x86.Build.0 = Debug|Any CPU
		{44458F83-1841-4DEB-AE86-07AC800BD8E8}.Release|Any CPU.ActiveCfg = Release|Any CPU
		{44458F83-1841-4DEB-AE86-07AC800BD8E8}.Release|Any CPU.Build.0 = Release|Any CPU
		{44458F83-1841-4DEB-AE86-07AC800BD8E8}.Release|x64.ActiveCfg = Release|Any CPU
		{44458F83-1841-4DEB-AE86-07AC800BD8E8}.Release|x64.Build.0 = Release|Any CPU
		{44458F83-1841-4DEB-AE86-07AC800BD8E8}.Release|x86.ActiveCfg = Release|Any CPU
		{44458F83-1841-4DEB-AE86-07AC800BD8E8}.Release|x86.Build.0 = Release|Any CPU
	EndGlobalSection
	GlobalSection(SolutionProperties) = preSolution
		HideSolutionNode = FALSE
	EndGlobalSection
	GlobalSection(NestedProjects) = preSolution
		{FFE76CE2-8760-451F-9871-6B825D273120} = {827E0CD3-B72D-47B6-A68D-7590B98EB39B}
		{BFCD210B-98D3-4987-BE98-E6EF7CDAFD9C} = {827E0CD3-B72D-47B6-A68D-7590B98EB39B}
		{AFE88977-7ECF-4412-8896-939D9C328AB7} = {827E0CD3-B72D-47B6-A68D-7590B98EB39B}
		{31FC604B-E1D0-4CE4-B4FF-0586F16E7768} = {827E0CD3-B72D-47B6-A68D-7590B98EB39B}
		{38D5A1A1-9830-4694-A00E-A1689E8B6D34} = {827E0CD3-B72D-47B6-A68D-7590B98EB39B}
		{4CD13660-C1A1-435F-A7D9-238DF81D1DD7} = {827E0CD3-B72D-47B6-A68D-7590B98EB39B}
		{17257A64-5827-48CF-B603-FBF2B7378520} = {0AB3BF05-4346-4AA6-1389-037BE0695223}
		{E5B2DCA1-FCA4-4394-B21F-4FD72D653619} = {0AB3BF05-4346-4AA6-1389-037BE0695223}
		{3759CD28-9DBA-40A7-B919-9CECD4072538} = {0AB3BF05-4346-4AA6-1389-037BE0695223}
		{95FFEB9E-06B6-46E0-9ADF-233AB908B300} = {0AB3BF05-4346-4AA6-1389-037BE0695223}
		{44458F83-1841-4DEB-AE86-07AC800BD8E8} = {827E0CD3-B72D-47B6-A68D-7590B98EB39B}
	EndGlobalSection
EndGlobal
